
Microsoft Visual Studio Solution File, Format Version 12.00
# Visual Studio Version 16
VisualStudioVersion = 16.0.31605.320
MinimumVisualStudioVersion = 10.0.40219.1
Project("{9A19103F-16F7-4668-BE54-9A1E7A4F7556}") = "Encryption-Project-API", "Encryption-Project-API\Encryption-Project-API.csproj", "{CD8E4BC3-EC8C-4346-B539-7FA4C86EB484}"
EndProject
Project("{FAE04EC0-301F-11D3-BF4B-00C04F79EFBC}") = "Encryption-Project-LIB", "Encryption-Project-LIB\Encryption-Project-LIB.csproj", "{1CFE9C26-870A-4985-BC8A-299BA48F6EE8}"
EndProject
Project("{9A19103F-16F7-4668-BE54-9A1E7A4F7556}") = "Encryption-Project-FrontEnd", "Encryption-Project-FrontEnd\Encryption-Project-FrontEnd.csproj", "{24D734D0-81BF-4E97-BB9A-50440C6BFBDD}"
EndProject
Project("{FAE04EC0-301F-11D3-BF4B-00C04F79EFBC}") = "Encryption-Project-Unit-Tests", "Encryption-Project-Unit-Tests\Encryption-Project-Unit-Tests.csproj", "{FA6A8F86-416F-4E50-B2FE-43CC7D6E96A6}"
EndProject
Global
	GlobalSection(SolutionConfigurationPlatforms) = preSolution
		Debug|Any CPU = Debug|Any CPU
		Release|Any CPU = Release|Any CPU
	EndGlobalSection
	GlobalSection(ProjectConfigurationPlatforms) = postSolution
		{CD8E4BC3-EC8C-4346-B539-7FA4C86EB484}.Debug|Any CPU.ActiveCfg = Debug|Any CPU
		{CD8E4BC3-EC8C-4346-B539-7FA4C86EB484}.Debug|Any CPU.Build.0 = Debug|Any CPU
		{CD8E4BC3-EC8C-4346-B539-7FA4C86EB484}.Release|Any CPU.ActiveCfg = Release|Any CPU
		{CD8E4BC3-EC8C-4346-B539-7FA4C86EB484}.Release|Any CPU.Build.0 = Release|Any CPU
		{1CFE9C26-870A-4985-BC8A-299BA48F6EE8}.Debug|Any CPU.ActiveCfg = Debug|Any CPU
		{1CFE9C26-870A-4985-BC8A-299BA48F6EE8}.Debug|Any CPU.Build.0 = Debug|Any CPU
		{1CFE9C26-870A-4985-BC8A-299BA48F6EE8}.Release|Any CPU.ActiveCfg = Release|Any CPU
		{1CFE9C26-870A-4985-BC8A-299BA48F6EE8}.Release|Any CPU.Build.0 = Release|Any CPU
		{24D734D0-81BF-4E97-BB9A-50440C6BFBDD}.Debug|Any CPU.ActiveCfg = Debug|Any CPU
		{24D734D0-81BF-4E97-BB9A-50440C6BFBDD}.Debug|Any CPU.Build.0 = Debug|Any CPU
		{24D734D0-81BF-4E97-BB9A-50440C6BFBDD}.Release|Any CPU.ActiveCfg = Release|Any CPU
		{24D734D0-81BF-4E97-BB9A-50440C6BFBDD}.Release|Any CPU.Build.0 = Release|Any CPU
		{FA6A8F86-416F-4E50-B2FE-43CC7D6E96A6}.Debug|Any CPU.ActiveCfg = Debug|Any CPU
		{FA6A8F86-416F-4E50-B2FE-43CC7D6E96A6}.Debug|Any CPU.Build.0 = Debug|Any CPU
		{FA6A8F86-416F-4E50-B2FE-43CC7D6E96A6}.Release|Any CPU.ActiveCfg = Release|Any CPU
		{FA6A8F86-416F-4E50-B2FE-43CC7D6E96A6}.Release|Any CPU.Build.0 = Release|Any CPU
	EndGlobalSection
	GlobalSection(SolutionProperties) = preSolution
		HideSolutionNode = FALSE
	EndGlobalSection
	GlobalSection(ExtensibilityGlobals) = postSolution
		SolutionGuid = {888297FA-EE40-4292-A0FD-EAA480006ABC}
	EndGlobalSection
EndGlobal
